
Microsoft Visual Studio Solution File, Format Version 12.00
# Visual Studio Version 17
VisualStudioVersion = 17.0.31903.59
MinimumVisualStudioVersion = 10.0.40219.1
Project("{FAE04EC0-301F-11D3-BF4B-00C04F79EFBC}") = "EventReservation.Api", "EventReservation.Api\EventReservation.Api.csproj", "{BB14F5E7-1D8B-4464-A617-F1B219842B13}"
EndProject
Project("{FAE04EC0-301F-11D3-BF4B-00C04F79EFBC}") = "EventReservation.Domain", "EventReservation.Domain\EventReservation.Domain.csproj", "{3BD1E68B-C334-4938-BFF4-3336B488AFA9}"
EndProject
Project("{FAE04EC0-301F-11D3-BF4B-00C04F79EFBC}") = "EventReservation.Infrastructure", "EventReservation.Infrastructure\EventReservation.Infrastructure.csproj", "{8ADCA9A2-F55E-4677-BDC6-A5892E61964F}"
EndProject
Project("{FAE04EC0-301F-11D3-BF4B-00C04F79EFBC}") = "EventReservation.Tests", "EventReservation.Tests\EventReservation.Tests.csproj", "{D373D24C-E3C9-49F9-BD34-4839E9AED9D2}"
EndProject
Global
	GlobalSection(SolutionConfigurationPlatforms) = preSolution
		Debug|Any CPU = Debug|Any CPU
		Debug|x64 = Debug|x64
		Debug|x86 = Debug|x86
		Release|Any CPU = Release|Any CPU
		Release|x64 = Release|x64
		Release|x86 = Release|x86
	EndGlobalSection
	GlobalSection(ProjectConfigurationPlatforms) = postSolution
		{BB14F5E7-1D8B-4464-A617-F1B219842B13}.Debug|Any CPU.ActiveCfg = Debug|Any CPU
		{BB14F5E7-1D8B-4464-A617-F1B219842B13}.Debug|Any CPU.Build.0 = Debug|Any CPU
		{BB14F5E7-1D8B-4464-A617-F1B219842B13}.Debug|x64.ActiveCfg = Debug|Any CPU
		{BB14F5E7-1D8B-4464-A617-F1B219842B13}.Debug|x64.Build.0 = Debug|Any CPU
		{BB14F5E7-1D8B-4464-A617-F1B219842B13}.Debug|x86.ActiveCfg = Debug|Any CPU
		{BB14F5E7-1D8B-4464-A617-F1B219842B13}.Debug|x86.Build.0 = Debug|Any CPU
		{BB14F5E7-1D8B-4464-A617-F1B219842B13}.Release|Any CPU.ActiveCfg = Release|Any CPU
		{BB14F5E7-1D8B-4464-A617-F1B219842B13}.Release|Any CPU.Build.0 = Release|Any CPU
		{BB14F5E7-1D8B-4464-A617-F1B219842B13}.Release|x64.ActiveCfg = Release|Any CPU
		{BB14F5E7-1D8B-4464-A617-F1B219842B13}.Release|x64.Build.0 = Release|Any CPU
		{BB14F5E7-1D8B-4464-A617-F1B219842B13}.Release|x86.ActiveCfg = Release|Any CPU
		{BB14F5E7-1D8B-4464-A617-F1B219842B13}.Release|x86.Build.0 = Release|Any CPU
		{3BD1E68B-C334-4938-BFF4-3336B488AFA9}.Debug|Any CPU.ActiveCfg = Debug|Any CPU
		{3BD1E68B-C334-4938-BFF4-3336B488AFA9}.Debug|Any CPU.Build.0 = Debug|Any CPU
		{3BD1E68B-C334-4938-BFF4-3336B488AFA9}.Debug|x64.ActiveCfg = Debug|Any CPU
		{3BD1E68B-C334-4938-BFF4-3336B488AFA9}.Debug|x64.Build.0 = Debug|Any CPU
		{3BD1E68B-C334-4938-BFF4-3336B488AFA9}.Debug|x86.ActiveCfg = Debug|Any CPU
		{3BD1E68B-C334-4938-BFF4-3336B488AFA9}.Debug|x86.Build.0 = Debug|Any CPU
		{3BD1E68B-C334-4938-BFF4-3336B488AFA9}.Release|Any CPU.ActiveCfg = Release|Any CPU
		{3BD1E68B-C334-4938-BFF4-3336B488AFA9}.Release|Any CPU.Build.0 = Release|Any CPU
		{3BD1E68B-C334-4938-BFF4-3336B488AFA9}.Release|x64.ActiveCfg = Release|Any CPU
		{3BD1E68B-C334-4938-BFF4-3336B488AFA9}.Release|x64.Build.0 = Release|Any CPU
		{3BD1E68B-C334-4938-BFF4-3336B488AFA9}.Release|x86.ActiveCfg = Release|Any CPU
		{3BD1E68B-C334-4938-BFF4-3336B488AFA9}.Release|x86.Build.0 = Release|Any CPU
		{8ADCA9A2-F55E-4677-BDC6-A5892E61964F}.Debug|Any CPU.ActiveCfg = Debug|Any CPU
		{8ADCA9A2-F55E-4677-BDC6-A5892E61964F}.Debug|Any CPU.Build.0 = Debug|Any CPU
		{8ADCA9A2-F55E-4677-BDC6-A5892E61964F}.Debug|x64.ActiveCfg = Debug|Any CPU
		{8ADCA9A2-F55E-4677-BDC6-A5892E61964F}.Debug|x64.Build.0 = Debug|Any CPU
		{8ADCA9A2-F55E-4677-BDC6-A5892E61964F}.Debug|x86.ActiveCfg = Debug|Any CPU
		{8ADCA9A2-F55E-4677-BDC6-A5892E61964F}.Debug|x86.Build.0 = Debug|Any CPU
		{8ADCA9A2-F55E-4677-BDC6-A5892E61964F}.Release|Any CPU.ActiveCfg = Release|Any CPU
		{8ADCA9A2-F55E-4677-BDC6-A5892E61964F}.Release|Any CPU.Build.0 = Release|Any CPU
		{8ADCA9A2-F55E-4677-BDC6-A5892E61964F}.Release|x64.ActiveCfg = Release|Any CPU
		{8ADCA9A2-F55E-4677-BDC6-A5892E61964F}.Release|x64.Build.0 = Release|Any CPU
		{8ADCA9A2-F55E-4677-BDC6-A5892E61964F}.Release|x86.ActiveCfg = Release|Any CPU
		{8ADCA9A2-F55E-4677-BDC6-A5892E61964F}.Release|x86.Build.0 = Release|Any CPU
		{D373D24C-E3C9-49F9-BD34-4839E9AED9D2}.Debug|Any CPU.ActiveCfg = Debug|Any CPU
		{D373D24C-E3C9-49F9-BD34-4839E9AED9D2}.Debug|Any CPU.Build.0 = Debug|Any CPU
		{D373D24C-E3C9-49F9-BD34-4839E9AED9D2}.Debug|x64.ActiveCfg = Debug|Any CPU
		{D373D24C-E3C9-49F9-BD34-4839E9AED9D2}.Debug|x64.Build.0 = Debug|Any CPU
		{D373D24C-E3C9-49F9-BD34-4839E9AED9D2}.Debug|x86.ActiveCfg = Debug|Any CPU
		{D373D24C-E3C9-49F9-BD34-4839E9AED9D2}.Debug|x86.Build.0 = Debug|Any CPU
		{D373D24C-E3C9-49F9-BD34-4839E9AED9D2}.Release|Any CPU.ActiveCfg = Release|Any CPU
		{D373D24C-E3C9-49F9-BD34-4839E9AED9D2}.Release|Any CPU.Build.0 = Release|Any CPU
		{D373D24C-E3C9-49F9-BD34-4839E9AED9D2}.Release|x64.ActiveCfg = Release|Any CPU
		{D373D24C-E3C9-49F9-BD34-4839E9AED9D2}.Release|x64.Build.0 = Release|Any CPU
		{D373D24C-E3C9-49F9-BD34-4839E9AED9D2}.Release|x86.ActiveCfg = Release|Any CPU
		{D373D24C-E3C9-49F9-BD34-4839E9AED9D2}.Release|x86.Build.0 = Release|Any CPU
	EndGlobalSection
	GlobalSection(SolutionProperties) = preSolution
		HideSolutionNode = FALSE
	EndGlobalSection
EndGlobal
